
Microsoft Visual Studio Solution File, Format Version 12.00
# Visual Studio Version 16
VisualStudioVersion = 16.0.31911.196
MinimumVisualStudioVersion = 10.0.40219.1
Project("{FAE04EC0-301F-11D3-BF4B-00C04F79EFBC}") = "ExperianTask.Entity", "ExperianTask.Entity\ExperianTask.Entity.csproj", "{3110783B-A64C-42BA-B3F9-B4F675E6A0D4}"
EndProject
Project("{FAE04EC0-301F-11D3-BF4B-00C04F79EFBC}") = "ExperianTask.BAL", "ExperianTask.BAL\ExperianTask.BAL.csproj", "{C0DE8AAC-A3E2-4561-A849-891FC9D90054}"
EndProject
Project("{FAE04EC0-301F-11D3-BF4B-00C04F79EFBC}") = "ExperianTask.BAL.Test", "ExperianTask.BAL.Test\ExperianTask.BAL.Test.csproj", "{6DCC9BD3-5B1B-4877-8268-E64730427667}"
EndProject
Global
	GlobalSection(SolutionConfigurationPlatforms) = preSolution
		Debug|Any CPU = Debug|Any CPU
		Release|Any CPU = Release|Any CPU
	EndGlobalSection
	GlobalSection(ProjectConfigurationPlatforms) = postSolution
		{3110783B-A64C-42BA-B3F9-B4F675E6A0D4}.Debug|Any CPU.ActiveCfg = Debug|Any CPU
		{3110783B-A64C-42BA-B3F9-B4F675E6A0D4}.Debug|Any CPU.Build.0 = Debug|Any CPU
		{3110783B-A64C-42BA-B3F9-B4F675E6A0D4}.Release|Any CPU.ActiveCfg = Release|Any CPU
		{3110783B-A64C-42BA-B3F9-B4F675E6A0D4}.Release|Any CPU.Build.0 = Release|Any CPU
		{C0DE8AAC-A3E2-4561-A849-891FC9D90054}.Debug|Any CPU.ActiveCfg = Debug|Any CPU
		{C0DE8AAC-A3E2-4561-A849-891FC9D90054}.Debug|Any CPU.Build.0 = Debug|Any CPU
		{C0DE8AAC-A3E2-4561-A849-891FC9D90054}.Release|Any CPU.ActiveCfg = Release|Any CPU
		{C0DE8AAC-A3E2-4561-A849-891FC9D90054}.Release|Any CPU.Build.0 = Release|Any CPU
		{6DCC9BD3-5B1B-4877-8268-E64730427667}.Debug|Any CPU.ActiveCfg = Debug|Any CPU
		{6DCC9BD3-5B1B-4877-8268-E64730427667}.Debug|Any CPU.Build.0 = Debug|Any CPU
		{6DCC9BD3-5B1B-4877-8268-E64730427667}.Release|Any CPU.ActiveCfg = Release|Any CPU
		{6DCC9BD3-5B1B-4877-8268-E64730427667}.Release|Any CPU.Build.0 = Release|Any CPU
	EndGlobalSection
	GlobalSection(SolutionProperties) = preSolution
		HideSolutionNode = FALSE
	EndGlobalSection
	GlobalSection(ExtensibilityGlobals) = postSolution
		SolutionGuid = {0BCD05A9-A397-472E-ADDD-0C0CDE016EFB}
	EndGlobalSection
EndGlobal
